github.com/JoshPattman/jpf v0.9.0-beta.4 h1:2foja6cbOKUKlkE83jbI3HTOTO+UeUaka+J/j8sL8nk=
github.com/JoshPattman/jpf v0.9.0-beta.4/go.mod h1:cHC95BslP15u/Dif/zVyg1dZwjNNRHJGGiY6+rGMFKM=
golang.org/x/time v0.14.0 h1:MRx4UaLrDotUKUdCIqzPC48t1Y9hANFKIRpNx+Te8PI=
golang.org/x/time v0.14.0/go.mod h1:eL/Oa2bBBK0TkX57Fyni+NgnyQQN4LitPmob2Hjnqw4=
